PODS:
  - Framework (1.0.0)

DEPENDENCIES:
  - Framework (from `https://github.com/RazeeHJ/FrameworkTest.git`)

EXTERNAL SOURCES:
  Framework:
    :git: https://github.com/RazeeHJ/FrameworkTest.git

CHECKOUT OPTIONS:
  Framework:
    :commit: cfdec1e25195ca40cb051c4ebf2ec76909e53141
    :git: https://github.com/RazeeHJ/FrameworkTest.git

SPEC CHECKSUMS:
  Framework: 795fd774f303517fdda0df14ba116d63114dd001

PODFILE CHECKSUM: d4162bde056636d143bb57ef68f38798876e60d8

COCOAPODS: 1.12.1
